// !$*UTF8*$!
{
	archiveVersion = 1;
	classes = {
	};
	objectVersion = 55;
	objects = {

/* Begin PBXBuildFile section */
		5EC42FEF793E2188C4924093 /* Pods_LoginUI.framework in Frameworks */ = {isa = PBXBuildFile; fileRef = BD3C8CF9BBA9D4C1E52ED16E /* Pods_LoginUI.framework */; };
		FA02D4AE289C263900DE6B8E /* FBLoginVC.swift in Sources */ = {isa = PBXBuildFile; fileRef = FA02D4AD289C263900DE6B8E /* FBLoginVC.swift */; };
		FA02D4EF289E051A00DE6B8E /* HomeController.swift in Sources */ = {isa = PBXBuildFile; fileRef = FA02D4EE289E051A00DE6B8E /* HomeController.swift */; };
		FA02D4F1289E056900DE6B8E /* ContainerController.swift in Sources */ = {isa = PBXBuildFile; fileRef = FA02D4F0289E056900DE6B8E /* ContainerController.swift */; };
		FA02D4F3289E058800DE6B8E /* MenuController.swift in Sources */ = {isa = PBXBuildFile; fileRef = FA02D4F2289E058800DE6B8E /* MenuController.swift */; };
		FA02D4F5289FACA100DE6B8E /* protocol.swift in Sources */ = {isa = PBXBuildFile; fileRef = FA02D4F4289FACA100DE6B8E /* protocol.swift */; };
		FA02D53928A11ECC00DE6B8E /* MenuOptionCell.swift in Sources */ = {isa = PBXBuildFile; fileRef = FA02D53828A11ECB00DE6B8E /* MenuOptionCell.swift */; };
		FA02D53B28A24B2A00DE6B8E /* MenuOption.swift in Sources */ = {isa = PBXBuildFile; fileRef = FA02D53A28A24B2900DE6B8E /* MenuOption.swift */; };
		FA734DB52897785C0023449F /* LoginTableViewController.swift in Sources */ = {isa = PBXBuildFile; fileRef = FA734DB42897785C0023449F /* LoginTableViewController.swift */; };
		FA734DB828977A880023449F /* String + Extension.swift in Sources */ = {isa = PBXBuildFile; fileRef = FA734DB728977A880023449F /* String + Extension.swift */; };
		FA734DBB2897A34A0023449F /* UIAlertController + Extension.swift in Sources */ = {isa = PBXBuildFile; fileRef = FA734DBA2897A34A0023449F /* UIAlertController + Extension.swift */; };
		FA9405F82898BBE600E35A4A /* SignUpViewController.swift in Sources */ = {isa = PBXBuildFile; fileRef = FA9405F72898BBE600E35A4A /* SignUpViewController.swift */; };
		FAC38923289A6DDB0077F7B0 /* GoogleService-Info.plist in Resources */ = {isa = PBXBuildFile; fileRef = FAC38922289A6DDB0077F7B0 /* GoogleService-Info.plist */; };
		FAF1BB282894CE1A0073D443 /* AppDelegate.swift in Sources */ = {isa = PBXBuildFile; fileRef = FAF1BB272894CE1A0073D443 /* AppDelegate.swift */; };
		FAF1BB2A2894CE1A0073D443 /* SceneDelegate.swift in Sources */ = {isa = PBXBuildFile; fileRef = FAF1BB292894CE1A0073D443 /* SceneDelegate.swift */; };
		FAF1BB2F2894CE1A0073D443 /* Main.storyboard in Resources */ = {isa = PBXBuildFile; fileRef = FAF1BB2D2894CE1A0073D443 /* Main.storyboard */; };
		FAF1BB312894CE1E0073D443 /* Assets.xcassets in Resources */ = {isa = PBXBuildFile; fileRef = FAF1BB302894CE1E0073D443 /* Assets.xcassets */; };
		FAF1BB342894CE1E0073D443 /* LaunchScreen.storyboard in Resources */ = {isa = PBXBuildFile; fileRef = FAF1BB322894CE1E0073D443 /* LaunchScreen.storyboard */; };
		FAF1BB3F2894CE1F0073D443 /* LoginUITests.swift in Sources */ = {isa = PBXBuildFile; fileRef = FAF1BB3E2894CE1F0073D443 /* LoginUITests.swift */; };
		FAF1BB492894CE1F0073D443 /* LoginUIUITests.swift in Sources */ = {isa = PBXBuildFile; fileRef = FAF1BB482894CE1F0073D443 /* LoginUIUITests.swift */; };
		FAF1BB4B2894CE1F0073D443 /* LoginUIUITestsLaunchTests.swift in Sources */ = {isa = PBXBuildFile; fileRef = FAF1BB4A2894CE1F0073D443 /* LoginUIUITestsLaunchTests.swift */; };
/* End PBXBuildFile section */

/* Begin PBXContainerItemProxy section */
		FAF1BB3B2894CE1F0073D443 /* PBXContainerItemProxy */ = {
			isa = PBXContainerItemProxy;
			containerPortal = FAF1BB1C2894CE1A0073D443 /* Project object */;
			proxyType = 1;
			remoteGlobalIDString = FAF1BB232894CE1A0073D443;
			remoteInfo = LoginUI;
		};
		FAF1BB452894CE1F0073D443 /* PBXContainerItemProxy */ = {
			isa = PBXContainerItemProxy;
			containerPortal = FAF1BB1C2894CE1A0073D443 /* Project object */;
			proxyType = 1;
			remoteGlobalIDString = FAF1BB232894CE1A0073D443;
			remoteInfo = LoginUI;
		};
/* End PBXContainerItemProxy section */

/* Begin PBXFileReference section */
		BBBB16B2FB9C59DBE6FD4839 /* Pods-LoginUI.debug.xcconfig */ = {isa = PBXFileReference; includeInIndex = 1; lastKnownFileType = text.xcconfig; name = "Pods-LoginUI.debug.xcconfig"; path = "Target Support Files/Pods-LoginUI/Pods-LoginUI.debug.xcconfig"; sourceTree = "<group>"; };
		BD3C8CF9BBA9D4C1E52ED16E /* Pods_LoginUI.framework */ = {isa = PBXFileReference; explicitFileType = wrapper.framework; includeInIndex = 0; path = Pods_LoginUI.framework; sourceTree = BUILT_PRODUCTS_DIR; };
		D2F29211CEAD06C92E817C17 /* Pods-LoginUI.release.xcconfig */ = {isa = PBXFileReference; includeInIndex = 1; lastKnownFileType = text.xcconfig; name = "Pods-LoginUI.release.xcconfig"; path = "Target Support Files/Pods-LoginUI/Pods-LoginUI.release.xcconfig"; sourceTree = "<group>"; };
		FA02D4AD289C263900DE6B8E /* FBLoginVC.swift */ = {isa = PBXFileReference; lastKnownFileType = sourcecode.swift; path = FBLoginVC.swift; sourceTree = "<group>"; };
		FA02D4EE289E051A00DE6B8E /* HomeController.swift */ = {isa = PBXFileReference; lastKnownFileType = sourcecode.swift; path = HomeController.swift; sourceTree = "<group>"; };
		FA02D4F0289E056900DE6B8E /* ContainerController.swift */ = {isa = PBXFileReference; lastKnownFileType = sourcecode.swift; path = ContainerController.swift; sourceTree = "<group>"; };
		FA02D4F2289E058800DE6B8E /* MenuController.swift */ = {isa = PBXFileReference; lastKnownFileType = sourcecode.swift; path = MenuController.swift; sourceTree = "<group>"; };
		FA02D4F4289FACA100DE6B8E /* protocol.swift */ = {isa = PBXFileReference; lastKnownFileType = sourcecode.swift; path = protocol.swift; sourceTree = "<group>"; };
		FA02D53828A11ECB00DE6B8E /* MenuOptionCell.swift */ = {isa = PBXFileReference; lastKnownFileType = sourcecode.swift; path = MenuOptionCell.swift; sourceTree = "<group>"; };
		FA02D53A28A24B2900DE6B8E /* MenuOption.swift */ = {isa = PBXFileReference; lastKnownFileType = sourcecode.swift; path = MenuOption.swift; sourceTree = "<group>"; };
		FA734DB42897785C0023449F /* LoginTableViewController.swift */ = {isa = PBXFileReference; lastKnownFileType = sourcecode.swift; path = LoginTableViewController.swift; sourceTree = "<group>"; };
		FA734DB728977A880023449F /* String + Extension.swift */ = {isa = PBXFileReference; lastKnownFileType = sourcecode.swift; path = "String + Extension.swift"; sourceTree = "<group>"; };
		FA734DBA2897A34A0023449F /* UIAlertController + Extension.swift */ = {isa = PBXFileReference; lastKnownFileType = sourcecode.swift; path = "UIAlertController + Extension.swift"; sourceTree = "<group>"; };
		FA9405F72898BBE600E35A4A /* SignUpViewController.swift */ = {isa = PBXFileReference; lastKnownFileType = sourcecode.swift; path = SignUpViewController.swift; sourceTree = "<group>"; };
		FAC38922289A6DDB0077F7B0 /* GoogleService-Info.plist */ = {isa = PBXFileReference; fileEncoding = 4; lastKnownFileType = text.plist.xml; path = "GoogleService-Info.plist"; sourceTree = "<group>"; };
		FAF1BB242894CE1A0073D443 /* LoginUI.app */ = {isa = PBXFileReference; explicitFileType = wrapper.application; includeInIndex = 0; path = LoginUI.app; sourceTree = BUILT_PRODUCTS_DIR; };
		FAF1BB272894CE1A0073D443 /* AppDelegate.swift */ = {isa = PBXFileReference; lastKnownFileType = sourcecode.swift; path = AppDelegate.swift; sourceTree = "<group>"; };
		FAF1BB292894CE1A0073D443 /* SceneDelegate.swift */ = {isa = PBXFileReference; lastKnownFileType = sourcecode.swift; path = SceneDelegate.swift; sourceTree = "<group>"; };
		FAF1BB2E2894CE1A0073D443 /* Base */ = {isa = PBXFileReference; lastKnownFileType = file.storyboard; name = Base; path = Base.lproj/Main.storyboard; sourceTree = "<group>"; };
		FAF1BB302894CE1E0073D443 /* Assets.xcassets */ = {isa = PBXFileReference; lastKnownFileType = folder.assetcatalog; path = Assets.xcassets; sourceTree = "<group>"; };
		FAF1BB332894CE1E0073D443 /* Base */ = {isa = PBXFileReference; lastKnownFileType = file.storyboard; name = Base; path = Base.lproj/LaunchScreen.storyboard; sourceTree = "<group>"; };
		FAF1BB352894CE1E0073D443 /* Info.plist */ = {isa = PBXFileReference; lastKnownFileType = text.plist.xml; path = Info.plist; sourceTree = "<group>"; };
		FAF1BB3A2894CE1F0073D443 /* LoginUITests.xctest */ = {isa = PBXFileReference; explicitFileType = wrapper.cfbundle; includeInIndex = 0; path = LoginUITests.xctest; sourceTree = BUILT_PRODUCTS_DIR; };
		FAF1BB3E2894CE1F0073D443 /* LoginUITests.swift */ = {isa = PBXFileReference; lastKnownFileType = sourcecode.swift; path = LoginUITests.swift; sourceTree = "<group>"; };
		FAF1BB442894CE1F0073D443 /* LoginUIUITests.xctest */ = {isa = PBXFileReference; explicitFileType = wrapper.cfbundle; includeInIndex = 0; path = LoginUIUITests.xctest; sourceTree = BUILT_PRODUCTS_DIR; };
		FAF1BB482894CE1F0073D443 /* LoginUIUITests.swift */ = {isa = PBXFileReference; lastKnownFileType = sourcecode.swift; path = LoginUIUITests.swift; sourceTree = "<group>"; };
		FAF1BB4A2894CE1F0073D443 /* LoginUIUITestsLaunchTests.swift */ = {isa = PBXFileReference; lastKnownFileType = sourcecode.swift; path = LoginUIUITestsLaunchTests.swift; sourceTree = "<group>"; };
/* End PBXFileReference section */

/* Begin PBXFrameworksBuildPhase section */
		FAF1BB212894CE1A0073D443 /* Frameworks */ = {
			isa = PBXFrameworksBuildPhase;
			buildActionMask = 2147483647;
			files = (
				5EC42FEF793E2188C4924093 /* Pods_LoginUI.framework in Frameworks */,
			);
			runOnlyForDeploymentPostprocessing = 0;
		};
		FAF1BB372894CE1F0073D443 /* Frameworks */ = {
			isa = PBXFrameworksBuildPhase;
			buildActionMask = 2147483647;
			files = (
			);
			runOnlyForDeploymentPostprocessing = 0;
		};
		FAF1BB412894CE1F0073D443 /* Frameworks */ = {
			isa = PBXFrameworksBuildPhase;
			buildActionMask = 2147483647;
			files = (
			);
			runOnlyForDeploymentPostprocessing = 0;
		};
/* End PBXFrameworksBuildPhase section */

/* Begin PBXGroup section */
		500DB8182DD1FEE750A32822 /* Frameworks */ = {
			isa = PBXGroup;
			children = (
				BD3C8CF9BBA9D4C1E52ED16E /* Pods_LoginUI.framework */,
			);
			name = Frameworks;
			sourceTree = "<group>";
		};
		B99B289ECED3E9D8307290F4 /* Pods */ = {
			isa = PBXGroup;
			children = (
				BBBB16B2FB9C59DBE6FD4839 /* Pods-LoginUI.debug.xcconfig */,
				D2F29211CEAD06C92E817C17 /* Pods-LoginUI.release.xcconfig */,
			);
			path = Pods;
			sourceTree = "<group>";
		};
		FA02D4ED289E032F00DE6B8E /* Model */ = {
			isa = PBXGroup;
			children = (
				FA02D53A28A24B2900DE6B8E /* MenuOption.swift */,
			);
			path = Model;
			sourceTree = "<group>";
		};
		FA734DB928977A970023449F /* Utilitites */ = {
			isa = PBXGroup;
			children = (
				FA02D4AD289C263900DE6B8E /* FBLoginVC.swift */,
				FA734DB728977A880023449F /* String + Extension.swift */,
				FA734DBA2897A34A0023449F /* UIAlertController + Extension.swift */,
				FA02D4F4289FACA100DE6B8E /* protocol.swift */,
			);
			path = Utilitites;
			sourceTree = "<group>";
		};
		FA734DBE2897E75E0023449F /* Controller */ = {
			isa = PBXGroup;
			children = (
				FA75AA2328A35088002DB10E /* sideMenu */,
				FA75AA2228A35072002DB10E /* Note */,
				FA75AA2128A35035002DB10E /* login */,
			);
			path = Controller;
			sourceTree = "<group>";
		};
		FA75AA2128A35035002DB10E /* login */ = {
			isa = PBXGroup;
			children = (
				FA734DB42897785C0023449F /* LoginTableViewController.swift */,
				FA9405F72898BBE600E35A4A /* SignUpViewController.swift */,
			);
			path = login;
			sourceTree = "<group>";
		};
		FA75AA2228A35072002DB10E /* Note */ = {
			isa = PBXGroup;
			children = (
				FA02D4EE289E051A00DE6B8E /* HomeController.swift */,
			);
			path = Note;
			sourceTree = "<group>";
		};
		FA75AA2328A35088002DB10E /* sideMenu */ = {
			isa = PBXGroup;
			children = (
				FA02D4F0289E056900DE6B8E /* ContainerController.swift */,
				FA02D4F2289E058800DE6B8E /* MenuController.swift */,
			);
			name = sideMenu;
			sourceTree = "<group>";
		};
		FAB1443E289B632800397758 /* View */ = {
			isa = PBXGroup;
			children = (
				FAF1BB322894CE1E0073D443 /* LaunchScreen.storyboard */,
				FAF1BB2D2894CE1A0073D443 /* Main.storyboard */,
				FA02D53828A11ECB00DE6B8E /* MenuOptionCell.swift */,
			);
			path = View;
			sourceTree = "<group>";
		};
		FAF1BB1B2894CE1A0073D443 = {
			isa = PBXGroup;
			children = (
				FAF1BB262894CE1A0073D443 /* LoginUI */,
				FAF1BB3D2894CE1F0073D443 /* LoginUITests */,
				FAF1BB472894CE1F0073D443 /* LoginUIUITests */,
				FAF1BB252894CE1A0073D443 /* Products */,
				B99B289ECED3E9D8307290F4 /* Pods */,
				500DB8182DD1FEE750A32822 /* Frameworks */,
			);
			sourceTree = "<group>";
		};
		FAF1BB252894CE1A0073D443 /* Products */ = {
			isa = PBXGroup;
			children = (
				FAF1BB242894CE1A0073D443 /* LoginUI.app */,
				FAF1BB3A2894CE1F0073D443 /* LoginUITests.xctest */,
				FAF1BB442894CE1F0073D443 /* LoginUIUITests.xctest */,
			);
			name = Products;
			sourceTree = "<group>";
		};
		FAF1BB262894CE1A0073D443 /* LoginUI */ = {
			isa = PBXGroup;
			children = (
				FA734DBE2897E75E0023449F /* Controller */,
				FA02D4ED289E032F00DE6B8E /* Model */,
				FA734DB928977A970023449F /* Utilitites */,
				FAF1BB272894CE1A0073D443 /* AppDelegate.swift */,
				FAF1BB292894CE1A0073D443 /* SceneDelegate.swift */,
				FAB1443E289B632800397758 /* View */,
				FAF1BB302894CE1E0073D443 /* Assets.xcassets */,
				FAC38922289A6DDB0077F7B0 /* GoogleService-Info.plist */,
				FAF1BB352894CE1E0073D443 /* Info.plist */,
			);
			path = LoginUI;
			sourceTree = "<group>";
		};
		FAF1BB3D2894CE1F0073D443 /* LoginUITests */ = {
			isa = PBXGroup;
			children = (
				FAF1BB3E2894CE1F0073D443 /* LoginUITests.swift */,
			);
			path = LoginUITests;
			sourceTree = "<group>";
		};
		FAF1BB472894CE1F0073D443 /* LoginUIUITests */ = {
			isa = PBXGroup;
			children = (
				FAF1BB482894CE1F0073D443 /* LoginUIUITests.swift */,
				FAF1BB4A2894CE1F0073D443 /* LoginUIUITestsLaunchTests.swift */,
			);
			path = LoginUIUITests;
			sourceTree = "<group>";
		};
/* End PBXGroup section */

/* Begin PBXNativeTarget section */
		FAF1BB232894CE1A0073D443 /* LoginUI */ = {
			isa = PBXNativeTarget;
			buildConfigurationList = FAF1BB4E2894CE1F0073D443 /* Build configuration list for PBXNativeTarget "LoginUI" */;
			buildPhases = (
				D58497DADBF6E7922F6D3386 /* [CP] Check Pods Manifest.lock */,
				FAF1BB202894CE1A0073D443 /* Sources */,
				FAF1BB212894CE1A0073D443 /* Frameworks */,
				FAF1BB222894CE1A0073D443 /* Resources */,
				C16597CC9B053E0F110767CE /* [CP] Embed Pods Frameworks */,
			);
			buildRules = (
			);
			dependencies = (
			);
			name = LoginUI;
			productName = LoginUI;
			productReference = FAF1BB242894CE1A0073D443 /* LoginUI.app */;
			productType = "com.apple.product-type.application";
		};
		FAF1BB392894CE1F0073D443 /* LoginUITests */ = {
			isa = PBXNativeTarget;
			buildConfigurationList = FAF1BB512894CE1F0073D443 /* Build configuration list for PBXNativeTarget "LoginUITests" */;
			buildPhases = (
				FAF1BB362894CE1F0073D443 /* Sources */,
				FAF1BB372894CE1F0073D443 /* Frameworks */,
				FAF1BB382894CE1F0073D443 /* Resources */,
			);
			buildRules = (
			);
			dependencies = (
				FAF1BB3C2894CE1F0073D443 /* PBXTargetDependency */,
			);
			name = LoginUITests;
			productName = LoginUITests;
			productReference = FAF1BB3A2894CE1F0073D443 /* LoginUITests.xctest */;
			productType = "com.apple.product-type.bundle.unit-test";
		};
		FAF1BB432894CE1F0073D443 /* LoginUIUITests */ = {
			isa = PBXNativeTarget;
			buildConfigurationList = FAF1BB542894CE1F0073D443 /* Build configuration list for PBXNativeTarget "LoginUIUITests" */;
			buildPhases = (
				FAF1BB402894CE1F0073D443 /* Sources */,
				FAF1BB412894CE1F0073D443 /* Frameworks */,
				FAF1BB422894CE1F0073D443 /* Resources */,
			);
			buildRules = (
			);
			dependencies = (
				FAF1BB462894CE1F0073D443 /* PBXTargetDependency */,
			);
			name = LoginUIUITests;
			productName = LoginUIUITests;
			productReference = FAF1BB442894CE1F0073D443 /* LoginUIUITests.xctest */;
			productType = "com.apple.product-type.bundle.ui-testing";
		};
/* End PBXNativeTarget section */

/* Begin PBXProject section */
		FAF1BB1C2894CE1A0073D443 /* Project object */ = {
			isa = PBXProject;
			attributes = {
				BuildIndependentTargetsInParallel = 1;
				LastSwiftUpdateCheck = 1340;
				LastUpgradeCheck = 1340;
				TargetAttributes = {
					FAF1BB232894CE1A0073D443 = {
						CreatedOnToolsVersion = 13.4.1;
					};
					FAF1BB392894CE1F0073D443 = {
						CreatedOnToolsVersion = 13.4.1;
						TestTargetID = FAF1BB232894CE1A0073D443;
					};
					FAF1BB432894CE1F0073D443 = {
						CreatedOnToolsVersion = 13.4.1;
						TestTargetID = FAF1BB232894CE1A0073D443;
					};
				};
			};
			buildConfigurationList = FAF1BB1F2894CE1A0073D443 /* Build configuration list for PBXProject "LoginUI" */;
			compatibilityVersion = "Xcode 13.0";
			developmentRegion = en;
			hasScannedForEncodings = 0;
			knownRegions = (
				en,
				Base,
			);
			mainGroup = FAF1BB1B2894CE1A0073D443;
			productRefGroup = FAF1BB252894CE1A0073D443 /* Products */;
			projectDirPath = "";
			projectRoot = "";
			targets = (
				FAF1BB232894CE1A0073D443 /* LoginUI */,
				FAF1BB392894CE1F0073D443 /* LoginUITests */,
				FAF1BB432894CE1F0073D443 /* LoginUIUITests */,
			);
		};
/* End PBXProject section */

/* Begin PBXResourcesBuildPhase section */
		FAF1BB222894CE1A0073D443 /* Resources */ = {
			isa = PBXResourcesBuildPhase;
			buildActionMask = 2147483647;
			files = (
				FAF1BB342894CE1E0073D443 /* LaunchScreen.storyboard in Resources */,
				FAC38923289A6DDB0077F7B0 /* GoogleService-Info.plist in Resources */,
				FAF1BB312894CE1E0073D443 /* Assets.xcassets in Resources */,
				FAF1BB2F2894CE1A0073D443 /* Main.storyboard in Resources */,
			);
			runOnlyForDeploymentPostprocessing = 0;
		};
		FAF1BB382894CE1F0073D443 /* Resources */ = {
			isa = PBXResourcesBuildPhase;
			buildActionMask = 2147483647;
			files = (
			);
			runOnlyForDeploymentPostprocessing = 0;
		};
		FAF1BB422894CE1F0073D443 /* Resources */ = {
			isa = PBXResourcesBuildPhase;
			buildActionMask = 2147483647;
			files = (
			);
			runOnlyForDeploymentPostprocessing = 0;
		};
/* End PBXResourcesBuildPhase section */

/* Begin PBXShellScriptBuildPhase section */
		C16597CC9B053E0F110767CE /* [CP] Embed Pods Frameworks */ = {
			isa = PBXShellScriptBuildPhase;
			buildActionMask = 2147483647;
			files = (
			);
			inputFileListPaths = (
				"${PODS_ROOT}/Target Support Files/Pods-LoginUI/Pods-LoginUI-frameworks-${CONFIGURATION}-input-files.xcfilelist",
			);
			name = "[CP] Embed Pods Frameworks";
			outputFileListPaths = (
				"${PODS_ROOT}/Target Support Files/Pods-LoginUI/Pods-LoginUI-frameworks-${CONFIGURATION}-output-files.xcfilelist",
			);
			runOnlyForDeploymentPostprocessing = 0;
			shellPath = /bin/sh;
			shellScript = "\"${PODS_ROOT}/Target Support Files/Pods-LoginUI/Pods-LoginUI-frameworks.sh\"\n";
			showEnvVarsInLog = 0;
		};
		D58497DADBF6E7922F6D3386 /* [CP] Check Pods Manifest.lock */ = {
			isa = PBXShellScriptBuildPhase;
			buildActionMask = 2147483647;
			files = (
			);
			inputFileListPaths = (
			);
			inputPaths = (
				"${PODS_PODFILE_DIR_PATH}/Podfile.lock",
				"${PODS_ROOT}/Manifest.lock",
			);
			name = "[CP] Check Pods Manifest.lock";
			outputFileListPaths = (
			);
			outputPaths = (
				"$(DERIVED_FILE_DIR)/Pods-LoginUI-checkManifestLockResult.txt",
			);
			runOnlyForDeploymentPostprocessing = 0;
			shellPath = /bin/sh;
			shellScript = "diff \"${PODS_PODFILE_DIR_PATH}/Podfile.lock\" \"${PODS_ROOT}/Manifest.lock\" > /dev/null\nif [ $? != 0 ] ; then\n    # print error to STDERR\n    echo \"error: The sandbox is not in sync with the Podfile.lock. Run 'pod install' or update your CocoaPods installation.\" >&2\n    exit 1\nfi\n# This output is used by Xcode 'outputs' to avoid re-running this script phase.\necho \"SUCCESS\" > \"${SCRIPT_OUTPUT_FILE_0}\"\n";
			showEnvVarsInLog = 0;
		};
/* End PBXShellScriptBuildPhase section */

/* Begin PBXSourcesBuildPhase section */
		FAF1BB202894CE1A0073D443 /* Sources */ = {
			isa = PBXSourcesBuildPhase;
			buildActionMask = 2147483647;
			files = (
				FA02D53B28A24B2A00DE6B8E /* MenuOption.swift in Sources */,
				FA9405F82898BBE600E35A4A /* SignUpViewController.swift in Sources */,
				FA02D53928A11ECC00DE6B8E /* MenuOptionCell.swift in Sources */,
				FA02D4F3289E058800DE6B8E /* MenuController.swift in Sources */,
				FA02D4F1289E056900DE6B8E /* ContainerController.swift in Sources */,
				FAF1BB282894CE1A0073D443 /* AppDelegate.swift in Sources */,
				FA734DBB2897A34A0023449F /* UIAlertController + Extension.swift in Sources */,
				FA02D4AE289C263900DE6B8E /* FBLoginVC.swift in Sources */,
				FA02D4EF289E051A00DE6B8E /* HomeController.swift in Sources */,
				FA734DB52897785C0023449F /* LoginTableViewController.swift in Sources */,
				FA02D4F5289FACA100DE6B8E /* protocol.swift in Sources */,
				FA734DB828977A880023449F /* String + Extension.swift in Sources */,
				FAF1BB2A2894CE1A0073D443 /* SceneDelegate.swift in Sources */,
			);
			runOnlyForDeploymentPostprocessing = 0;
		};
		FAF1BB362894CE1F0073D443 /* Sources */ = {
			isa = PBXSourcesBuildPhase;
			buildActionMask = 2147483647;
			files = (
				FAF1BB3F2894CE1F0073D443 /* LoginUITests.swift in Sources */,
			);
			runOnlyForDeploymentPostprocessing = 0;
		};
		FAF1BB402894CE1F0073D443 /* Sources */ = {
			isa = PBXSourcesBuildPhase;
			buildActionMask = 2147483647;
			files = (
				FAF1BB4B2894CE1F0073D443 /* LoginUIUITestsLaunchTests.swift in Sources */,
				FAF1BB492894CE1F0073D443 /* LoginUIUITests.swift in Sources */,
			);
			runOnlyForDeploymentPostprocessing = 0;
		};
/* End PBXSourcesBuildPhase section */

/* Begin PBXTargetDependency section */
		FAF1BB3C2894CE1F0073D443 /* PBXTargetDependency */ = {
			isa = PBXTargetDependency;
			target = FAF1BB232894CE1A0073D443 /* LoginUI */;
			targetProxy = FAF1BB3B2894CE1F0073D443 /* PBXContainerItemProxy */;
		};
		FAF1BB462894CE1F0073D443 /* PBXTargetDependency */ = {
			isa = PBXTargetDependency;
			target = FAF1BB232894CE1A0073D443 /* LoginUI */;
			targetProxy = FAF1BB452894CE1F0073D443 /* PBXContainerItemProxy */;
		};
/* End PBXTargetDependency section */

/* Begin PBXVariantGroup section */
		FAF1BB2D2894CE1A0073D443 /* Main.storyboard */ = {
			isa = PBXVariantGroup;
			children = (
				FAF1BB2E2894CE1A0073D443 /* Base */,
			);
			name = Main.storyboard;
			sourceTree = "<group>";
		};
		FAF1BB322894CE1E0073D443 /* LaunchScreen.storyboard */ = {
			isa = PBXVariantGroup;
			children = (
				FAF1BB332894CE1E0073D443 /* Base */,
			);
			name = LaunchScreen.storyboard;
			sourceTree = "<group>";
		};
/* End PBXVariantGroup section */

/* Begin XCBuildConfiguration section */
		FAF1BB4C2894CE1F0073D443 /* Debug */ = {
			isa = XCBuildConfiguration;
			buildSettings = {
				ALWAYS_SEARCH_USER_PATHS = NO;
				CLANG_ANALYZER_NONNULL = YES;
				CLANG_ANALYZER_NUMBER_OBJECT_CONVERSION = YES_AGGRESSIVE;
				CLANG_CXX_LANGUAGE_STANDARD = "gnu++17";
				CLANG_ENABLE_MODULES = YES;
				CLANG_ENABLE_OBJC_ARC = YES;
				CLANG_ENABLE_OBJC_WEAK = YES;
				CLANG_WARN_BLOCK_CAPTURE_AUTORELEASING = YES;
				CLANG_WARN_BOOL_CONVERSION = YES;
				CLANG_WARN_COMMA = YES;
				CLANG_WARN_CONSTANT_CONVERSION = YES;
				CLANG_WARN_DEPRECATED_OBJC_IMPLEMENTATIONS = YES;
				CLANG_WARN_DIRECT_OBJC_ISA_USAGE = YES_ERROR;
				CLANG_WARN_DOCUMENTATION_COMMENTS = YES;
				CLANG_WARN_EMPTY_BODY = YES;
				CLANG_WARN_ENUM_CONVERSION = YES;
				CLANG_WARN_INFINITE_RECURSION = YES;
				CLANG_WARN_INT_CONVERSION = YES;
				CLANG_WARN_NON_LITERAL_NULL_CONVERSION = YES;
				CLANG_WARN_OBJC_IMPLICIT_RETAIN_SELF = YES;
				CLANG_WARN_OBJC_LITERAL_CONVERSION = YES;
				CLANG_WARN_OBJC_ROOT_CLASS = YES_ERROR;
				CLANG_WARN_QUOTED_INCLUDE_IN_FRAMEWORK_HEADER = YES;
				CLANG_WARN_RANGE_LOOP_ANALYSIS = YES;
				CLANG_WARN_STRICT_PROTOTYPES = YES;
				CLANG_WARN_SUSPICIOUS_MOVE = YES;
				CLANG_WARN_UNGUARDED_AVAILABILITY = YES_AGGRESSIVE;
				CLANG_WARN_UNREACHABLE_CODE = YES;
				CLANG_WARN__DUPLICATE_METHOD_MATCH = YES;
				COPY_PHASE_STRIP = NO;
				DEBUG_INFORMATION_FORMAT = dwarf;
				ENABLE_STRICT_OBJC_MSGSEND = YES;
				ENABLE_TESTABILITY = YES;
				GCC_C_LANGUAGE_STANDARD = gnu11;
				GCC_DYNAMIC_NO_PIC = NO;
				GCC_NO_COMMON_BLOCKS = YES;
				GCC_OPTIMIZATION_LEVEL = 0;
				GCC_PREPROCESSOR_DEFINITIONS = (
					"DEBUG=1",
					"$(inherited)",
				);
				GCC_WARN_64_TO_32_BIT_CONVERSION = YES;
				GCC_WARN_ABOUT_RETURN_TYPE = YES_ERROR;
				GCC_WARN_UNDECLARED_SELECTOR = YES;
				GCC_WARN_UNINITIALIZED_AUTOS = YES_AGGRESSIVE;
				GCC_WARN_UNUSED_FUNCTION = YES;
				GCC_WARN_UNUSED_VARIABLE = YES;
				IPHONEOS_DEPLOYMENT_TARGET = 15.5;
				MTL_ENABLE_DEBUG_INFO = INCLUDE_SOURCE;
				MTL_FAST_MATH = YES;
				ONLY_ACTIVE_ARCH = YES;
				SDKROOT = iphoneos;
				SWIFT_ACTIVE_COMPILATION_CONDITIONS = DEBUG;
				SWIFT_OPTIMIZATION_LEVEL = "-Onone";
			};
			name = Debug;
		};
		FAF1BB4D2894CE1F0073D443 /* Release */ = {
			isa = XCBuildConfiguration;
			buildSettings = {
				ALWAYS_SEARCH_USER_PATHS = NO;
				CLANG_ANALYZER_NONNULL = YES;
				CLANG_ANALYZER_NUMBER_OBJECT_CONVERSION = YES_AGGRESSIVE;
				CLANG_CXX_LANGUAGE_STANDARD = "gnu++17";
				CLANG_ENABLE_MODULES = YES;
				CLANG_ENABLE_OBJC_ARC = YES;
				CLANG_ENABLE_OBJC_WEAK = YES;
				CLANG_WARN_BLOCK_CAPTURE_AUTORELEASING = YES;
				CLANG_WARN_BOOL_CONVERSION = YES;
				CLANG_WARN_COMMA = YES;
				CLANG_WARN_CONSTANT_CONVERSION = YES;
				CLANG_WARN_DEPRECATED_OBJC_IMPLEMENTATIONS = YES;
				CLANG_WARN_DIRECT_OBJC_ISA_USAGE = YES_ERROR;
				CLANG_WARN_DOCUMENTATION_COMMENTS = YES;
				CLANG_WARN_EMPTY_BODY = YES;
				CLANG_WARN_ENUM_CONVERSION = YES;
				CLANG_WARN_INFINITE_RECURSION = YES;
				CLANG_WARN_INT_CONVERSION = YES;
				CLANG_WARN_NON_LITERAL_NULL_CONVERSION = YES;
				CLANG_WARN_OBJC_IMPLICIT_RETAIN_SELF = YES;
				CLANG_WARN_OBJC_LITERAL_CONVERSION = YES;
				CLANG_WARN_OBJC_ROOT_CLASS = YES_ERROR;
				CLANG_WARN_QUOTED_INCLUDE_IN_FRAMEWORK_HEADER = YES;
				CLANG_WARN_RANGE_LOOP_ANALYSIS = YES;
				CLANG_WARN_STRICT_PROTOTYPES = YES;
				CLANG_WARN_SUSPICIOUS_MOVE = YES;
				CLANG_WARN_UNGUARDED_AVAILABILITY = YES_AGGRESSIVE;
				CLANG_WARN_UNREACHABLE_CODE = YES;
				CLANG_WARN__DUPLICATE_METHOD_MATCH = YES;
				COPY_PHASE_STRIP = NO;
				DEBUG_INFORMATION_FORMAT = "dwarf-with-dsym";
				ENABLE_NS_ASSERTIONS = NO;
				ENABLE_STRICT_OBJC_MSGSEND = YES;
				GCC_C_LANGUAGE_STANDARD = gnu11;
				GCC_NO_COMMON_BLOCKS = YES;
				GCC_WARN_64_TO_32_BIT_CONVERSION = YES;
				GCC_WARN_ABOUT_RETURN_TYPE = YES_ERROR;
				GCC_WARN_UNDECLARED_SELECTOR = YES;
				GCC_WARN_UNINITIALIZED_AUTOS = YES_AGGRESSIVE;
				GCC_WARN_UNUSED_FUNCTION = YES;
				GCC_WARN_UNUSED_VARIABLE = YES;
				IPHONEOS_DEPLOYMENT_TARGET = 15.5;
				MTL_ENABLE_DEBUG_INFO = NO;
				MTL_FAST_MATH = YES;
				SDKROOT = iphoneos;
				SWIFT_COMPILATION_MODE = wholemodule;
				SWIFT_OPTIMIZATION_LEVEL = "-O";
				VALIDATE_PRODUCT = YES;
			};
			name = Release;
		};
		FAF1BB4F2894CE1F0073D443 /* Debug */ = {
			isa = XCBuildConfiguration;
			baseConfigurationReference = BBBB16B2FB9C59DBE6FD4839 /* Pods-LoginUI.debug.xcconfig */;
			buildSettings = {
				ASSETCATALOG_COMPILER_APPICON_NAME = AppIcon;
				ASSETCATALOG_COMPILER_GLOBAL_ACCENT_COLOR_NAME = AccentColor;
				CODE_SIGN_STYLE = Automatic;
				CURRENT_PROJECT_VERSION = 1;
				DEVELOPMENT_TEAM = 7FMXBA4W4Y;
				GENERATE_INFOPLIST_FILE = YES;
				INFOPLIST_FILE = LoginUI/Info.plist;
				INFOPLIST_KEY_UIApplicationSupportsIndirectInputEvents = YES;
				INFOPLIST_KEY_UILaunchStoryboardName = LaunchScreen;
				INFOPLIST_KEY_UIMainStoryboardFile = Main;
				INFOPLIST_KEY_UISupportedInterfaceOrientations_iPad = "UIInterfaceOrientationPortrait UIInterfaceOrientationPortraitUpsideDown UIInterfaceOrientationLandscapeLeft UIInterfaceOrientationLandscapeRight";
				INFOPLIST_KEY_UISupportedInterfaceOrientations_iPhone = "UIInterfaceOrientationPortrait UIInterfaceOrientationLandscapeLeft UIInterfaceOrientationLandscapeRight";
				LD_RUNPATH_SEARCH_PATHS = (
					"$(inherited)",
					"@executable_path/Frameworks",
				);
				MARKETING_VERSION = 1.0;
				PRODUCT_BUNDLE_IDENTIFIER = com.bl.LoginUI;
				PRODUCT_NAME = "$(TARGET_NAME)";
				SWIFT_EMIT_LOC_STRINGS = YES;
				SWIFT_VERSION = 5.0;
				TARGETED_DEVICE_FAMILY = "1,2";
			};
			name = Debug;
		};
		FAF1BB502894CE1F0073D443 /* Release */ = {
			isa = XCBuildConfiguration;
			baseConfigurationReference = D2F29211CEAD06C92E817C17 /* Pods-LoginUI.release.xcconfig */;
			buildSettings = {
				ASSETCATALOG_COMPILER_APPICON_NAME = AppIcon;
				ASSETCATALOG_COMPILER_GLOBAL_ACCENT_COLOR_NAME = AccentColor;
				CODE_SIGN_STYLE = Automatic;
				CURRENT_PROJECT_VERSION = 1;
				DEVELOPMENT_TEAM = 7FMXBA4W4Y;
				GENERATE_INFOPLIST_FILE = YES;
				INFOPLIST_FILE = LoginUI/Info.plist;
				INFOPLIST_KEY_UIApplicationSupportsIndirectInputEvents = YES;
				INFOPLIST_KEY_UILaunchStoryboardName = LaunchScreen;
				INFOPLIST_KEY_UIMainStoryboardFile = Main;
				INFOPLIST_KEY_UISupportedInterfaceOrientations_iPad = "UIInterfaceOrientationPortrait UIInterfaceOrientationPortraitUpsideDown UIInterfaceOrientationLandscapeLeft UIInterfaceOrientationLandscapeRight";
				INFOPLIST_KEY_UISupportedInterfaceOrientations_iPhone = "UIInterfaceOrientationPortrait UIInterfaceOrientationLandscapeLeft UIInterfaceOrientationLandscapeRight";
				LD_RUNPATH_SEARCH_PATHS = (
					"$(inherited)",
					"@executable_path/Frameworks",
				);
				MARKETING_VERSION = 1.0;
				PRODUCT_BUNDLE_IDENTIFIER = com.bl.LoginUI;
				PRODUCT_NAME = "$(TARGET_NAME)";
				SWIFT_EMIT_LOC_STRINGS = YES;
				SWIFT_VERSION = 5.0;
				TARGETED_DEVICE_FAMILY = "1,2";
			};
			name = Release;
		};
		FAF1BB522894CE1F0073D443 /* Debug */ = {
			isa = XCBuildConfiguration;
			buildSettings = {
				ALWAYS_EMBED_SWIFT_STANDARD_LIBRARIES = YES;
				BUNDLE_LOADER = "$(TEST_HOST)";
				CODE_SIGN_STYLE = Automatic;
				CURRENT_PROJECT_VERSION = 1;
				DEVELOPMENT_TEAM = 7FMXBA4W4Y;
				GENERATE_INFOPLIST_FILE = YES;
				IPHONEOS_DEPLOYMENT_TARGET = 15.5;
				MARKETING_VERSION = 1.0;
				PRODUCT_BUNDLE_IDENTIFIER = com.bl.LoginUITests;
				PRODUCT_NAME = "$(TARGET_NAME)";
				SWIFT_EMIT_LOC_STRINGS = NO;
				SWIFT_VERSION = 5.0;
				TARGETED_DEVICE_FAMILY = "1,2";
				TEST_HOST = "$(BUILT_PRODUCTS_DIR)/LoginUI.app/LoginUI";
			};
			name = Debug;
		};
		FAF1BB532894CE1F0073D443 /* Release */ = {
			isa = XCBuildConfiguration;
			buildSettings = {
				ALWAYS_EMBED_SWIFT_STANDARD_LIBRARIES = YES;
				BUNDLE_LOADER = "$(TEST_HOST)";
				CODE_SIGN_STYLE = Automatic;
				CURRENT_PROJECT_VERSION = 1;
				DEVELOPMENT_TEAM = 7FMXBA4W4Y;
				GENERATE_INFOPLIST_FILE = YES;
				IPHONEOS_DEPLOYMENT_TARGET = 15.5;
				MARKETING_VERSION = 1.0;
				PRODUCT_BUNDLE_IDENTIFIER = com.bl.LoginUITests;
				PRODUCT_NAME = "$(TARGET_NAME)";
				SWIFT_EMIT_LOC_STRINGS = NO;
				SWIFT_VERSION = 5.0;
				TARGETED_DEVICE_FAMILY = "1,2";
				TEST_HOST = "$(BUILT_PRODUCTS_DIR)/LoginUI.app/LoginUI";
			};
			name = Release;
		};
		FAF1BB552894CE1F0073D443 /* Debug */ = {
			isa = XCBuildConfiguration;
			buildSettings = {
				ALWAYS_EMBED_SWIFT_STANDARD_LIBRARIES = YES;
				CODE_SIGN_STYLE = Automatic;
				CURRENT_PROJECT_VERSION = 1;
				DEVELOPMENT_TEAM = 7FMXBA4W4Y;
				GENERATE_INFOPLIST_FILE = YES;
				MARKETING_VERSION = 1.0;
				PRODUCT_BUNDLE_IDENTIFIER = com.bl.LoginUIUITests;
				PRODUCT_NAME = "$(TARGET_NAME)";
				SWIFT_EMIT_LOC_STRINGS = NO;
				SWIFT_VERSION = 5.0;
				TARGETED_DEVICE_FAMILY = "1,2";
				TEST_TARGET_NAME = LoginUI;
			};
			name = Debug;
		};
		FAF1BB562894CE1F0073D443 /* Release */ = {
			isa = XCBuildConfiguration;
			buildSettings = {
				ALWAYS_EMBED_SWIFT_STANDARD_LIBRARIES = YES;
				CODE_SIGN_STYLE = Automatic;
				CURRENT_PROJECT_VERSION = 1;
				DEVELOPMENT_TEAM = 7FMXBA4W4Y;
				GENERATE_INFOPLIST_FILE = YES;
				MARKETING_VERSION = 1.0;
				PRODUCT_BUNDLE_IDENTIFIER = com.bl.LoginUIUITests;
				PRODUCT_NAME = "$(TARGET_NAME)";
				SWIFT_EMIT_LOC_STRINGS = NO;
				SWIFT_VERSION = 5.0;
				TARGETED_DEVICE_FAMILY = "1,2";
				TEST_TARGET_NAME = LoginUI;
			};
			name = Release;
		};
/* End XCBuildConfiguration section */

/* Begin XCConfigurationList section */
		FAF1BB1F2894CE1A0073D443 /* Build configuration list for PBXProject "LoginUI" */ = {
			isa = XCConfigurationList;
			buildConfigurations = (
				FAF1BB4C2894CE1F0073D443 /* Debug */,
				FAF1BB4D2894CE1F0073D443 /* Release */,
			);
			defaultConfigurationIsVisible = 0;
			defaultConfigurationName = Release;
		};
		FAF1BB4E2894CE1F0073D443 /* Build configuration list for PBXNativeTarget "LoginUI" */ = {
			isa = XCConfigurationList;
			buildConfigurations = (
				FAF1BB4F2894CE1F0073D443 /* Debug */,
				FAF1BB502894CE1F0073D443 /* Release */,
			);
			defaultConfigurationIsVisible = 0;
			defaultConfigurationName = Release;
		};
		FAF1BB512894CE1F0073D443 /* Build configuration list for PBXNativeTarget "LoginUITests" */ = {
			isa = XCConfigurationList;
			buildConfigurations = (
				FAF1BB522894CE1F0073D443 /* Debug */,
				FAF1BB532894CE1F0073D443 /* Release */,
			);
			defaultConfigurationIsVisible = 0;
			defaultConfigurationName = Release;
		};
		FAF1BB542894CE1F0073D443 /* Build configuration list for PBXNativeTarget "LoginUIUITests" */ = {
			isa = XCConfigurationList;
			buildConfigurations = (
				FAF1BB552894CE1F0073D443 /* Debug */,
				FAF1BB562894CE1F0073D443 /* Release */,
			);
			defaultConfigurationIsVisible = 0;
			defaultConfigurationName = Release;
		};
/* End XCConfigurationList section */
	};
	rootObject = FAF1BB1C2894CE1A0073D443 /* Project object */;
}
